// !$*UTF8*$!
{
	archiveVersion = 1;
	classes = {
	};
	objectVersion = 50;
	objects = {

/* Begin PBXBuildFile section */
		B28BB11B268E863D00C32563 /* AppDelegate.swift in Sources */ = {isa = PBXBuildFile; fileRef = B28BB11A268E863D00C32563 /* AppDelegate.swift */; };
		B28BB11D268E863D00C32563 /* SceneDelegate.swift in Sources */ = {isa = PBXBuildFile; fileRef = B28BB11C268E863D00C32563 /* SceneDelegate.swift */; };
		B28BB11F268E863D00C32563 /* ViewController.swift in Sources */ = {isa = PBXBuildFile; fileRef = B28BB11E268E863D00C32563 /* ViewController.swift */; };
		B28BB122268E863D00C32563 /* Main.storyboard in Resources */ = {isa = PBXBuildFile; fileRef = B28BB120268E863D00C32563 /* Main.storyboard */; };
		B28BB124268E863F00C32563 /* Assets.xcassets in Resources */ = {isa = PBXBuildFile; fileRef = B28BB123268E863F00C32563 /* Assets.xcassets */; };
		B28BB127268E863F00C32563 /* LaunchScreen.storyboard in Resources */ = {isa = PBXBuildFile; fileRef = B28BB125268E863F00C32563 /* LaunchScreen.storyboard */; };
		B28BB130268E98BD00C32563 /* CardCell.swift in Sources */ = {isa = PBXBuildFile; fileRef = B28BB12E268E98BD00C32563 /* CardCell.swift */; };
		B28BB131268E98BD00C32563 /* CardCell.xib in Resources */ = {isa = PBXBuildFile; fileRef = B28BB12F268E98BD00C32563 /* CardCell.xib */; };
		B28BB133268E98D100C32563 /* Cartoes.swift in Sources */ = {isa = PBXBuildFile; fileRef = B28BB132268E98D100C32563 /* Cartoes.swift */; };
/* End PBXBuildFile section */

/* Begin PBXFileReference section */
		B28BB117268E863D00C32563 /* cards.app */ = {isa = PBXFileReference; explicitFileType = wrapper.application; includeInIndex = 0; path = cards.app; sourceTree = BUILT_PRODUCTS_DIR; };
		B28BB11A268E863D00C32563 /* AppDelegate.swift */ = {isa = PBXFileReference; lastKnownFileType = sourcecode.swift; path = AppDelegate.swift; sourceTree = "<group>"; };
		B28BB11C268E863D00C32563 /* SceneDelegate.swift */ = {isa = PBXFileReference; lastKnownFileType = sourcecode.swift; path = SceneDelegate.swift; sourceTree = "<group>"; };
		B28BB11E268E863D00C32563 /* ViewController.swift */ = {isa = PBXFileReference; lastKnownFileType = sourcecode.swift; path = ViewController.swift; sourceTree = "<group>"; };
		B28BB121268E863D00C32563 /* Base */ = {isa = PBXFileReference; lastKnownFileType = file.storyboard; name = Base; path = Base.lproj/Main.storyboard; sourceTree = "<group>"; };
		B28BB123268E863F00C32563 /* Assets.xcassets */ = {isa = PBXFileReference; lastKnownFileType = folder.assetcatalog; path = Assets.xcassets; sourceTree = "<group>"; };
		B28BB126268E863F00C32563 /* Base */ = {isa = PBXFileReference; lastKnownFileType = file.storyboard; name = Base; path = Base.lproj/LaunchScreen.storyboard; sourceTree = "<group>"; };
		B28BB128268E863F00C32563 /* Info.plist */ = {isa = PBXFileReference; lastKnownFileType = text.plist.xml; path = Info.plist; sourceTree = "<group>"; };
		B28BB12E268E98BD00C32563 /* CardCell.swift */ = {isa = PBXFileReference; lastKnownFileType = sourcecode.swift; path = CardCell.swift; sourceTree = "<group>"; };
		B28BB12F268E98BD00C32563 /* CardCell.xib */ = {isa = PBXFileReference; lastKnownFileType = file.xib; path = CardCell.xib; sourceTree = "<group>"; };
		B28BB132268E98D100C32563 /* Cartoes.swift */ = {isa = PBXFileReference; fileEncoding = 4; lastKnownFileType = sourcecode.swift; path = Cartoes.swift; sourceTree = "<group>"; };
/* End PBXFileReference section */

/* Begin PBXFrameworksBuildPhase section */
		B28BB114268E863D00C32563 /* Frameworks */ = {
			isa = PBXFrameworksBuildPhase;
			buildActionMask = 2147483647;
			files = (
			);
			runOnlyForDeploymentPostprocessing = 0;
		};
/* End PBXFrameworksBuildPhase section */

/* Begin PBXGroup section */
		B28BB10E268E863D00C32563 = {
			isa = PBXGroup;
			children = (
				B28BB119268E863D00C32563 /* cards */,
				B28BB118268E863D00C32563 /* Products */,
			);
			sourceTree = "<group>";
		};
		B28BB118268E863D00C32563 /* Products */ = {
			isa = PBXGroup;
			children = (
				B28BB117268E863D00C32563 /* cards.app */,
			);
			name = Products;
			sourceTree = "<group>";
		};
		B28BB119268E863D00C32563 /* cards */ = {
			isa = PBXGroup;
			children = (
				B28BB11A268E863D00C32563 /* AppDelegate.swift */,
				B28BB11C268E863D00C32563 /* SceneDelegate.swift */,
				B28BB11E268E863D00C32563 /* ViewController.swift */,
				B28BB12E268E98BD00C32563 /* CardCell.swift */,
				B28BB132268E98D100C32563 /* Cartoes.swift */,
				B28BB12F268E98BD00C32563 /* CardCell.xib */,
				B28BB120268E863D00C32563 /* Main.storyboard */,
				B28BB123268E863F00C32563 /* Assets.xcassets */,
				B28BB125268E863F00C32563 /* LaunchScreen.storyboard */,
				B28BB128268E863F00C32563 /* Info.plist */,
			);
			path = cards;
			sourceTree = "<group>";
		};
/* End PBXGroup section */

/* Begin PBXNativeTarget section */
		B28BB116268E863D00C32563 /* cards */ = {
			isa = PBXNativeTarget;
			buildConfigurationList = B28BB12B268E863F00C32563 /* Build configuration list for PBXNativeTarget "cards" */;
			buildPhases = (
				B28BB113268E863D00C32563 /* Sources */,
				B28BB114268E863D00C32563 /* Frameworks */,
				B28BB115268E863D00C32563 /* Resources */,
			);
			buildRules = (
			);
			dependencies = (
			);
			name = cards;
			productName = cards;
			productReference = B28BB117268E863D00C32563 /* cards.app */;
			productType = "com.apple.product-type.application";
		};
/* End PBXNativeTarget section */

/* Begin PBXProject section */
		B28BB10F268E863D00C32563 /* Project object */ = {
			isa = PBXProject;
			attributes = {
				LastSwiftUpdateCheck = 1250;
				LastUpgradeCheck = 1250;
				TargetAttributes = {
					B28BB116268E863D00C32563 = {
						CreatedOnToolsVersion = 12.5;
					};
				};
			};
			buildConfigurationList = B28BB112268E863D00C32563 /* Build configuration list for PBXProject "cards" */;
			compatibilityVersion = "Xcode 9.3";
			developmentRegion = en;
			hasScannedForEncodings = 0;
			knownRegions = (
				en,
				Base,
			);
			mainGroup = B28BB10E268E863D00C32563;
			productRefGroup = B28BB118268E863D00C32563 /* Products */;
			projectDirPath = "";
			projectRoot = "";
			targets = (
				B28BB116268E863D00C32563 /* cards */,
			);
		};
/* End PBXProject section */

/* Begin PBXResourcesBuildPhase section */
		B28BB115268E863D00C32563 /* Resources */ = {
			isa = PBXResourcesBuildPhase;
			buildActionMask = 2147483647;
			files = (
				B28BB127268E863F00C32563 /* LaunchScreen.storyboard in Resources */,
				B28BB124268E863F00C32563 /* Assets.xcassets in Resources */,
				B28BB122268E863D00C32563 /* Main.storyboard in Resources */,
				B28BB131268E98BD00C32563 /* CardCell.xib in Resources */,
			);
			runOnlyForDeploymentPostprocessing = 0;
		};
/* End PBXResourcesBuildPhase section */

/* Begin PBXSourcesBuildPhase section */
		B28BB113268E863D00C32563 /* Sources */ = {
			isa = PBXSourcesBuildPhase;
			buildActionMask = 2147483647;
			files = (
				B28BB11F268E863D00C32563 /* ViewController.swift in Sources */,
				B28BB11B268E863D00C32563 /* AppDelegate.swift in Sources */,
				B28BB133268E98D100C32563 /* Cartoes.swift in Sources */,
				B28BB11D268E863D00C32563 /* SceneDelegate.swift in Sources */,
				B28BB130268E98BD00C32563 /* CardCell.swift in Sources */,
			);
			runOnlyForDeploymentPostprocessing = 0;
		};
/* End PBXSourcesBuildPhase section */

/* Begin PBXVariantGroup section */
		B28BB120268E863D00C32563 /* Main.storyboard */ = {
			isa = PBXVariantGroup;
			children = (
				B28BB121268E863D00C32563 /* Base */,
			);
			name = Main.storyboard;
			sourceTree = "<group>";
		};
		B28BB125268E863F00C32563 /* LaunchScreen.storyboard */ = {
			isa = PBXVariantGroup;
			children = (
				B28BB126268E863F00C32563 /* Base */,
			);
			name = LaunchScreen.storyboard;
			sourceTree = "<group>";
		};
/* End PBXVariantGroup section */

/* Begin XCBuildConfiguration section */
		B28BB129268E863F00C32563 /* Debug */ = {
			isa = XCBuildConfiguration;
			buildSettings = {
				ALWAYS_SEARCH_USER_PATHS = NO;
				CLANG_ANALYZER_NONNULL = YES;
				CLANG_ANALYZER_NUMBER_OBJECT_CONVERSION = YES_AGGRESSIVE;
				CLANG_CXX_LANGUAGE_STANDARD = "gnu++14";
				CLANG_CXX_LIBRARY = "libc++";
				CLANG_ENABLE_MODULES = YES;
				CLANG_ENABLE_OBJC_ARC = YES;
				CLANG_ENABLE_OBJC_WEAK = YES;
				CLANG_WARN_BLOCK_CAPTURE_AUTORELEASING = YES;
				CLANG_WARN_BOOL_CONVERSION = YES;
				CLANG_WARN_COMMA = YES;
				CLANG_WARN_CONSTANT_CONVERSION = YES;
				CLANG_WARN_DEPRECATED_OBJC_IMPLEMENTATIONS = YES;
				CLANG_WARN_DIRECT_OBJC_ISA_USAGE = YES_ERROR;
				CLANG_WARN_DOCUMENTATION_COMMENTS = YES;
				CLANG_WARN_EMPTY_BODY = YES;
				CLANG_WARN_ENUM_CONVERSION = YES;
				CLANG_WARN_INFINITE_RECURSION = YES;
				CLANG_WARN_INT_CONVERSION = YES;
				CLANG_WARN_NON_LITERAL_NULL_CONVERSION = YES;
				CLANG_WARN_OBJC_IMPLICIT_RETAIN_SELF = YES;
				CLANG_WARN_OBJC_LITERAL_CONVERSION = YES;
				CLANG_WARN_OBJC_ROOT_CLASS = YES_ERROR;
				CLANG_WARN_QUOTED_INCLUDE_IN_FRAMEWORK_HEADER = YES;
				CLANG_WARN_RANGE_LOOP_ANALYSIS = YES;
				CLANG_WARN_STRICT_PROTOTYPES = YES;
				CLANG_WARN_SUSPICIOUS_MOVE = YES;
				CLANG_WARN_UNGUARDED_AVAILABILITY = YES_AGGRESSIVE;
				CLANG_WARN_UNREACHABLE_CODE = YES;
				CLANG_WARN__DUPLICATE_METHOD_MATCH = YES;
				COPY_PHASE_STRIP = NO;
				DEBUG_INFORMATION_FORMAT = dwarf;
				ENABLE_STRICT_OBJC_MSGSEND = YES;
				ENABLE_TESTABILITY = YES;
				GCC_C_LANGUAGE_STANDARD = gnu11;
				GCC_DYNAMIC_NO_PIC = NO;
				GCC_NO_COMMON_BLOCKS = YES;
				GCC_OPTIMIZATION_LEVEL = 0;
				GCC_PREPROCESSOR_DEFINITIONS = (
					"DEBUG=1",
					"$(inherited)",
				);
				GCC_WARN_64_TO_32_BIT_CONVERSION = YES;
				GCC_WARN_ABOUT_RETURN_TYPE = YES_ERROR;
				GCC_WARN_UNDECLARED_SELECTOR = YES;
				GCC_WARN_UNINITIALIZED_AUTOS = YES_AGGRESSIVE;
				GCC_WARN_UNUSED_FUNCTION = YES;
				GCC_WARN_UNUSED_VARIABLE = YES;
				IPHONEOS_DEPLOYMENT_TARGET = 14.1;
				MTL_ENABLE_DEBUG_INFO = INCLUDE_SOURCE;
				MTL_FAST_MATH = YES;
				ONLY_ACTIVE_ARCH = YES;
				SDKROOT = iphoneos;
				SWIFT_ACTIVE_COMPILATION_CONDITIONS = DEBUG;
				SWIFT_OPTIMIZATION_LEVEL = "-Onone";
			};
			name = Debug;
		};
		B28BB12A268E863F00C32563 /* Release */ = {
			isa = XCBuildConfiguration;
			buildSettings = {
				ALWAYS_SEARCH_USER_PATHS = NO;
				CLANG_ANALYZER_NONNULL = YES;
				CLANG_ANALYZER_NUMBER_OBJECT_CONVERSION = YES_AGGRESSIVE;
				CLANG_CXX_LANGUAGE_STANDARD = "gnu++14";
				CLANG_CXX_LIBRARY = "libc++";
				CLANG_ENABLE_MODULES = YES;
				CLANG_ENABLE_OBJC_ARC = YES;
				CLANG_ENABLE_OBJC_WEAK = YES;
				CLANG_WARN_BLOCK_CAPTURE_AUTORELEASING = YES;
				CLANG_WARN_BOOL_CONVERSION = YES;
				CLANG_WARN_COMMA = YES;
				CLANG_WARN_CONSTANT_CONVERSION = YES;
				CLANG_WARN_DEPRECATED_OBJC_IMPLEMENTATIONS = YES;
				CLANG_WARN_DIRECT_OBJC_ISA_USAGE = YES_ERROR;
				CLANG_WARN_DOCUMENTATION_COMMENTS = YES;
				CLANG_WARN_EMPTY_BODY = YES;
				CLANG_WARN_ENUM_CONVERSION = YES;
				CLANG_WARN_INFINITE_RECURSION = YES;
				CLANG_WARN_INT_CONVERSION = YES;
				CLANG_WARN_NON_LITERAL_NULL_CONVERSION = YES;
				CLANG_WARN_OBJC_IMPLICIT_RETAIN_SELF = YES;
				CLANG_WARN_OBJC_LITERAL_CONVERSION = YES;
				CLANG_WARN_OBJC_ROOT_CLASS = YES_ERROR;
				CLANG_WARN_QUOTED_INCLUDE_IN_FRAMEWORK_HEADER = YES;
				CLANG_WARN_RANGE_LOOP_ANALYSIS = YES;
				CLANG_WARN_STRICT_PROTOTYPES = YES;
				CLANG_WARN_SUSPICIOUS_MOVE = YES;
				CLANG_WARN_UNGUARDED_AVAILABILITY = YES_AGGRESSIVE;
				CLANG_WARN_UNREACHABLE_CODE = YES;
				CLANG_WARN__DUPLICATE_METHOD_MATCH = YES;
				COPY_PHASE_STRIP = NO;
				DEBUG_INFORMATION_FORMAT = "dwarf-with-dsym";
				ENABLE_NS_ASSERTIONS = NO;
				ENABLE_STRICT_OBJC_MSGSEND = YES;
				GCC_C_LANGUAGE_STANDARD = gnu11;
				GCC_NO_COMMON_BLOCKS = YES;
				GCC_WARN_64_TO_32_BIT_CONVERSION = YES;
				GCC_WARN_ABOUT_RETURN_TYPE = YES_ERROR;
				GCC_WARN_UNDECLARED_SELECTOR = YES;
				GCC_WARN_UNINITIALIZED_AUTOS = YES_AGGRESSIVE;
				GCC_WARN_UNUSED_FUNCTION = YES;
				GCC_WARN_UNUSED_VARIABLE = YES;
				IPHONEOS_DEPLOYMENT_TARGET = 14.1;
				MTL_ENABLE_DEBUG_INFO = NO;
				MTL_FAST_MATH = YES;
				SDKROOT = iphoneos;
				SWIFT_COMPILATION_MODE = wholemodule;
				SWIFT_OPTIMIZATION_LEVEL = "-O";
				VALIDATE_PRODUCT = YES;
			};
			name = Release;
		};
		B28BB12C268E863F00C32563 /* Debug */ = {
			isa = XCBuildConfiguration;
			buildSettings = {
				ASSETCATALOG_COMPILER_APPICON_NAME = AppIcon;
				ASSETCATALOG_COMPILER_GLOBAL_ACCENT_COLOR_NAME = AccentColor;
				CODE_SIGN_STYLE = Automatic;
				DEVELOPMENT_TEAM = H4BUWZ2875;
				INFOPLIST_FILE = cards/Info.plist;
				LD_RUNPATH_SEARCH_PATHS = (
					"$(inherited)",
					"@executable_path/Frameworks",
				);
				PRODUCT_BUNDLE_IDENTIFIER = com.aguitech.cards;
				PRODUCT_NAME = "$(TARGET_NAME)";
				SWIFT_VERSION = 5.0;
				TARGETED_DEVICE_FAMILY = "1,2";
			};
			name = Debug;
		};
		B28BB12D268E863F00C32563 /* Release */ = {
			isa = XCBuildConfiguration;
			buildSettings = {
				ASSETCATALOG_COMPILER_APPICON_NAME = AppIcon;
				ASSETCATALOG_COMPILER_GLOBAL_ACCENT_COLOR_NAME = AccentColor;
				CODE_SIGN_STYLE = Automatic;
				DEVELOPMENT_TEAM = H4BUWZ2875;
				INFOPLIST_FILE = cards/Info.plist;
				LD_RUNPATH_SEARCH_PATHS = (
					"$(inherited)",
					"@executable_path/Frameworks",
				);
				PRODUCT_BUNDLE_IDENTIFIER = com.aguitech.cards;
				PRODUCT_NAME = "$(TARGET_NAME)";
				SWIFT_VERSION = 5.0;
				TARGETED_DEVICE_FAMILY = "1,2";
			};
			name = Release;
		};
/* End XCBuildConfiguration section */

/* Begin XCConfigurationList section */
		B28BB112268E863D00C32563 /* Build configuration list for PBXProject "cards" */ = {
			isa = XCConfigurationList;
			buildConfigurations = (
				B28BB129268E863F00C32563 /* Debug */,
				B28BB12A268E863F00C32563 /* Release */,
			);
			defaultConfigurationIsVisible = 0;
			defaultConfigurationName = Release;
		};
		B28BB12B268E863F00C32563 /* Build configuration list for PBXNativeTarget "cards" */ = {
			isa = XCConfigurationList;
			buildConfigurations = (
				B28BB12C268E863F00C32563 /* Debug */,
				B28BB12D268E863F00C32563 /* Release */,
			);
			defaultConfigurationIsVisible = 0;
			defaultConfigurationName = Release;
		};
/* End XCConfigurationList section */
	};
	rootObject = B28BB10F268E863D00C32563 /* Project object */;
}
